
Microsoft Visual Studio Solution File, Format Version 12.00
# Visual Studio Version 17
VisualStudioVersion = 17.7.34202.233
MinimumVisualStudioVersion = 10.0.40219.1
Project("{FAE04EC0-301F-11D3-BF4B-00C04F79EFBC}") = "Loteria", "Loteria\Loteria.csproj", "{A17E58D8-98B3-4471-9DCC-AD364326BC1A}"
EndProject
Global
	GlobalSection(SolutionConfigurationPlatforms) = preSolution
		Debug|Any CPU = Debug|Any CPU
		Release|Any CPU = Release|Any CPU
	EndGlobalSection
	GlobalSection(ProjectConfigurationPlatforms) = postSolution
		{A17E58D8-98B3-4471-9DCC-AD364326BC1A}.Debug|Any CPU.ActiveCfg = Debug|Any CPU
		{A17E58D8-98B3-4471-9DCC-AD364326BC1A}.Debug|Any CPU.Build.0 = Debug|Any CPU
		{A17E58D8-98B3-4471-9DCC-AD364326BC1A}.Release|Any CPU.ActiveCfg = Release|Any CPU
		{A17E58D8-98B3-4471-9DCC-AD364326BC1A}.Release|Any CPU.Build.0 = Release|Any CPU
	EndGlobalSection
	GlobalSection(SolutionProperties) = preSolution
		HideSolutionNode = FALSE
	EndGlobalSection
	GlobalSection(ExtensibilityGlobals) = postSolution
		SolutionGuid = {A4E8B225-B408-45BD-80F9-5566D024B5D6}
	EndGlobalSection
EndGlobal
